
Microsoft Visual Studio Solution File, Format Version 12.00
# Visual Studio Version 16
VisualStudioVersion = 16.0.31313.79
MinimumVisualStudioVersion = 10.0.40219.1
Project("{FAE04EC0-301F-11D3-BF4B-00C04F79EFBC}") = "ApiProjeto", "ApiProjeto.csproj", "{14F2FC5B-961F-40E1-9CE8-D7053CB25D15}"
EndProject
Global
	GlobalSection(SolutionConfigurationPlatforms) = preSolution
		Debug|Any CPU = Debug|Any CPU
		Release|Any CPU = Release|Any CPU
	EndGlobalSection
	GlobalSection(ProjectConfigurationPlatforms) = postSolution
		{14F2FC5B-961F-40E1-9CE8-D7053CB25D15}.Debug|Any CPU.ActiveCfg = Debug|Any CPU
		{14F2FC5B-961F-40E1-9CE8-D7053CB25D15}.Debug|Any CPU.Build.0 = Debug|Any CPU
		{14F2FC5B-961F-40E1-9CE8-D7053CB25D15}.Release|Any CPU.ActiveCfg = Release|Any CPU
		{14F2FC5B-961F-40E1-9CE8-D7053CB25D15}.Release|Any CPU.Build.0 = Release|Any CPU
	EndGlobalSection
	GlobalSection(SolutionProperties) = preSolution
		HideSolutionNode = FALSE
	EndGlobalSection
	GlobalSection(ExtensibilityGlobals) = postSolution
		SolutionGuid = {E068E937-4944-424E-AFC2-0C3DD3278924}
	EndGlobalSection
EndGlobal
